// !$*UTF8*$!
{
	archiveVersion = 1;
	classes = {
	};
	objectVersion = 46;
	objects = {

/* Begin PBXBuildFile section */
		2F885EA91B31BC390085864B /* AppDelegate.swift in Sources */ = {isa = PBXBuildFile; fileRef = 2F885EA81B31BC390085864B /* AppDelegate.swift */; };
		2F885EAB1B31BC390085864B /* ViewController.swift in Sources */ = {isa = PBXBuildFile; fileRef = 2F885EAA1B31BC390085864B /* ViewController.swift */; };
		2F885EAE1B31BC390085864B /* Main.storyboard in Resources */ = {isa = PBXBuildFile; fileRef = 2F885EAC1B31BC390085864B /* Main.storyboard */; };
		2F885EB01B31BC390085864B /* Images.xcassets in Resources */ = {isa = PBXBuildFile; fileRef = 2F885EAF1B31BC390085864B /* Images.xcassets */; };
		2F885EB31B31BC390085864B /* LaunchScreen.xib in Resources */ = {isa = PBXBuildFile; fileRef = 2F885EB11B31BC390085864B /* LaunchScreen.xib */; };
		2F885EBF1B31BC390085864B /* Elite_MessengerTests.swift in Sources */ = {isa = PBXBuildFile; fileRef = 2F885EBE1B31BC390085864B /* Elite_MessengerTests.swift */; };
/* End PBXBuildFile section */

/* Begin PBXContainerItemProxy section */
		2F885EB91B31BC390085864B /* PBXContainerItemProxy */ = {
			isa = PBXContainerItemProxy;
			containerPortal = 2F885E9B1B31BC390085864B /* Project object */;
			proxyType = 1;
			remoteGlobalIDString = 2F885EA21B31BC390085864B;
			remoteInfo = "Elite Messenger";
		};
/* End PBXContainerItemProxy section */

/* Begin PBXFileReference section */
		2F885EA31B31BC390085864B /* Elite Messenger.app */ = {isa = PBXFileReference; explicitFileType = wrapper.application; includeInIndex = 0; path = "Elite Messenger.app"; sourceTree = BUILT_PRODUCTS_DIR; };
		2F885EA71B31BC390085864B /* Info.plist */ = {isa = PBXFileReference; lastKnownFileType = text.plist.xml; path = Info.plist; sourceTree = "<group>"; };
		2F885EA81B31BC390085864B /* AppDelegate.swift */ = {isa = PBXFileReference; lastKnownFileType = sourcecode.swift; path = AppDelegate.swift; sourceTree = "<group>"; };
		2F885EAA1B31BC390085864B /* ViewController.swift */ = {isa = PBXFileReference; lastKnownFileType = sourcecode.swift; path = ViewController.swift; sourceTree = "<group>"; };
		2F885EAD1B31BC390085864B /* Base */ = {isa = PBXFileReference; lastKnownFileType = file.storyboard; name = Base; path = Base.lproj/Main.storyboard; sourceTree = "<group>"; };
		2F885EAF1B31BC390085864B /* Images.xcassets */ = {isa = PBXFileReference; lastKnownFileType = folder.assetcatalog; path = Images.xcassets; sourceTree = "<group>"; };
		2F885EB21B31BC390085864B /* Base */ = {isa = PBXFileReference; lastKnownFileType = file.xib; name = Base; path = Base.lproj/LaunchScreen.xib; sourceTree = "<group>"; };
		2F885EB81B31BC390085864B /* Elite MessengerTests.xctest */ = {isa = PBXFileReference; explicitFileType = wrapper.cfbundle; includeInIndex = 0; path = "Elite MessengerTests.xctest"; sourceTree = BUILT_PRODUCTS_DIR; };
		2F885EBD1B31BC390085864B /* Info.plist */ = {isa = PBXFileReference; lastKnownFileType = text.plist.xml; path = Info.plist; sourceTree = "<group>"; };
		2F885EBE1B31BC390085864B /* Elite_MessengerTests.swift */ = {isa = PBXFileReference; lastKnownFileType = sourcecode.swift; path = Elite_MessengerTests.swift; sourceTree = "<group>"; };
/* End PBXFileReference section */

/* Begin PBXFrameworksBuildPhase section */
		2F885EA01B31BC390085864B /* Frameworks */ = {
			isa = PBXFrameworksBuildPhase;
			buildActionMask = 2147483647;
			files = (
			);
			runOnlyForDeploymentPostprocessing = 0;
		};
		2F885EB51B31BC390085864B /* Frameworks */ = {
			isa = PBXFrameworksBuildPhase;
			buildActionMask = 2147483647;
			files = (
			);
			runOnlyForDeploymentPostprocessing = 0;
		};
/* End PBXFrameworksBuildPhase section */

/* Begin PBXGroup section */
		2F885E9A1B31BC390085864B = {
			isa = PBXGroup;
			children = (
				2F885EA51B31BC390085864B /* Elite Messenger */,
				2F885EBB1B31BC390085864B /* Elite MessengerTests */,
				2F885EA41B31BC390085864B /* Products */,
			);
			sourceTree = "<group>";
		};
		2F885EA41B31BC390085864B /* Products */ = {
			isa = PBXGroup;
			children = (
				2F885EA31B31BC390085864B /* Elite Messenger.app */,
				2F885EB81B31BC390085864B /* Elite MessengerTests.xctest */,
			);
			name = Products;
			sourceTree = "<group>";
		};
		2F885EA51B31BC390085864B /* Elite Messenger */ = {
			isa = PBXGroup;
			children = (
				2F885EA81B31BC390085864B /* AppDelegate.swift */,
				2F885EAA1B31BC390085864B /* ViewController.swift */,
				2F885EAC1B31BC390085864B /* Main.storyboard */,
				2F885EAF1B31BC390085864B /* Images.xcassets */,
				2F885EB11B31BC390085864B /* LaunchScreen.xib */,
				2F885EA61B31BC390085864B /* Supporting Files */,
			);
			path = "Elite Messenger";
			sourceTree = "<group>";
		};
		2F885EA61B31BC390085864B /* Supporting Files */ = {
			isa = PBXGroup;
			children = (
				2F885EA71B31BC390085864B /* Info.plist */,
			);
			name = "Supporting Files";
			sourceTree = "<group>";
		};
		2F885EBB1B31BC390085864B /* Elite MessengerTests */ = {
			isa = PBXGroup;
			children = (
				2F885EBE1B31BC390085864B /* Elite_MessengerTests.swift */,
				2F885EBC1B31BC390085864B /* Supporting Files */,
			);
			path = "Elite MessengerTests";
			sourceTree = "<group>";
		};
		2F885EBC1B31BC390085864B /* Supporting Files */ = {
			isa = PBXGroup;
			children = (
				2F885EBD1B31BC390085864B /* Info.plist */,
			);
			name = "Supporting Files";
			sourceTree = "<group>";
		};
/* End PBXGroup section */

/* Begin PBXNativeTarget section */
		2F885EA21B31BC390085864B /* Elite Messenger */ = {
			isa = PBXNativeTarget;
			buildConfigurationList = 2F885EC21B31BC390085864B /* Build configuration list for PBXNativeTarget "Elite Messenger" */;
			buildPhases = (
				2F885E9F1B31BC390085864B /* Sources */,
				2F885EA01B31BC390085864B /* Frameworks */,
				2F885EA11B31BC390085864B /* Resources */,
			);
			buildRules = (
			);
			dependencies = (
			);
			name = "Elite Messenger";
			productName = "Elite Messenger";
			productReference = 2F885EA31B31BC390085864B /* Elite Messenger.app */;
			productType = "com.apple.product-type.application";
		};
		2F885EB71B31BC390085864B /* Elite MessengerTests */ = {
			isa = PBXNativeTarget;
			buildConfigurationList = 2F885EC51B31BC390085864B /* Build configuration list for PBXNativeTarget "Elite MessengerTests" */;
			buildPhases = (
				2F885EB41B31BC390085864B /* Sources */,
				2F885EB51B31BC390085864B /* Frameworks */,
				2F885EB61B31BC390085864B /* Resources */,
			);
			buildRules = (
			);
			dependencies = (
				2F885EBA1B31BC390085864B /* PBXTargetDependency */,
			);
			name = "Elite MessengerTests";
			productName = "Elite MessengerTests";
			productReference = 2F885EB81B31BC390085864B /* Elite MessengerTests.xctest */;
			productType = "com.apple.product-type.bundle.unit-test";
		};
/* End PBXNativeTarget section */

/* Begin PBXProject section */
		2F885E9B1B31BC390085864B /* Project object */ = {
			isa = PBXProject;
			attributes = {
				LastUpgradeCheck = 0630;
				ORGANIZATIONNAME = "Алексей Левинтов";
				TargetAttributes = {
					2F885EA21B31BC390085864B = {
						CreatedOnToolsVersion = 6.3.1;
					};
					2F885EB71B31BC390085864B = {
						CreatedOnToolsVersion = 6.3.1;
						TestTargetID = 2F885EA21B31BC390085864B;
					};
				};
			};
			buildConfigurationList = 2F885E9E1B31BC390085864B /* Build configuration list for PBXProject "Elite Messenger" */;
			compatibilityVersion = "Xcode 3.2";
			developmentRegion = English;
			hasScannedForEncodings = 0;
			knownRegions = (
				en,
				Base,
			);
			mainGroup = 2F885E9A1B31BC390085864B;
			productRefGroup = 2F885EA41B31BC390085864B /* Products */;
			projectDirPath = "";
			projectRoot = "";
			targets = (
				2F885EA21B31BC390085864B /* Elite Messenger */,
				2F885EB71B31BC390085864B /* Elite MessengerTests */,
			);
		};
/* End PBXProject section */

/* Begin PBXResourcesBuildPhase section */
		2F885EA11B31BC390085864B /* Resources */ = {
			isa = PBXResourcesBuildPhase;
			buildActionMask = 2147483647;
			files = (
				2F885EAE1B31BC390085864B /* Main.storyboard in Resources */,
				2F885EB31B31BC390085864B /* LaunchScreen.xib in Resources */,
				2F885EB01B31BC390085864B /* Images.xcassets in Resources */,
			);
			runOnlyForDeploymentPostprocessing = 0;
		};
		2F885EB61B31BC390085864B /* Resources */ = {
			isa = PBXResourcesBuildPhase;
			buildActionMask = 2147483647;
			files = (
			);
			runOnlyForDeploymentPostprocessing = 0;
		};
/* End PBXResourcesBuildPhase section */

/* Begin PBXSourcesBuildPhase section */
		2F885E9F1B31BC390085864B /* Sources */ = {
			isa = PBXSourcesBuildPhase;
			buildActionMask = 2147483647;
			files = (
				2F885EAB1B31BC390085864B /* ViewController.swift in Sources */,
				2F885EA91B31BC390085864B /* AppDelegate.swift in Sources */,
			);
			runOnlyForDeploymentPostprocessing = 0;
		};
		2F885EB41B31BC390085864B /* Sources */ = {
			isa = PBXSourcesBuildPhase;
			buildActionMask = 2147483647;
			files = (
				2F885EBF1B31BC390085864B /* Elite_MessengerTests.swift in Sources */,
			);
			runOnlyForDeploymentPostprocessing = 0;
		};
/* End PBXSourcesBuildPhase section */

/* Begin PBXTargetDependency section */
		2F885EBA1B31BC390085864B /* PBXTargetDependency */ = {
			isa = PBXTargetDependency;
			target = 2F885EA21B31BC390085864B /* Elite Messenger */;
			targetProxy = 2F885EB91B31BC390085864B /* PBXContainerItemProxy */;
		};
/* End PBXTargetDependency section */

/* Begin PBXVariantGroup section */
		2F885EAC1B31BC390085864B /* Main.storyboard */ = {
			isa = PBXVariantGroup;
			children = (
				2F885EAD1B31BC390085864B /* Base */,
			);
			name = Main.storyboard;
			sourceTree = "<group>";
		};
		2F885EB11B31BC390085864B /* LaunchScreen.xib */ = {
			isa = PBXVariantGroup;
			children = (
				2F885EB21B31BC390085864B /* Base */,
			);
			name = LaunchScreen.xib;
			sourceTree = "<group>";
		};
/* End PBXVariantGroup section */

/* Begin XCBuildConfiguration section */
		2F885EC01B31BC390085864B /* Debug */ = {
			isa = XCBuildConfiguration;
			buildSettings = {
				ALWAYS_SEARCH_USER_PATHS = NO;
				CLANG_CXX_LANGUAGE_STANDARD = "gnu++0x";
				CLANG_CXX_LIBRARY = "libc++";
				CLANG_ENABLE_MODULES = YES;
				CLANG_ENABLE_OBJC_ARC = YES;
				CLANG_WARN_BOOL_CONVERSION = YES;
				CLANG_WARN_CONSTANT_CONVERSION = YES;
				CLANG_WARN_DIRECT_OBJC_ISA_USAGE = YES_ERROR;
				CLANG_WARN_EMPTY_BODY = YES;
				CLANG_WARN_ENUM_CONVERSION = YES;
				CLANG_WARN_INT_CONVERSION = YES;
				CLANG_WARN_OBJC_ROOT_CLASS = YES_ERROR;
				CLANG_WARN_UNREACHABLE_CODE = YES;
				CLANG_WARN__DUPLICATE_METHOD_MATCH = YES;
				"CODE_SIGN_IDENTITY[sdk=iphoneos*]" = "iPhone Developer";
				COPY_PHASE_STRIP = NO;
				DEBUG_INFORMATION_FORMAT = "dwarf-with-dsym";
				ENABLE_STRICT_OBJC_MSGSEND = YES;
				GCC_C_LANGUAGE_STANDARD = gnu99;
				GCC_DYNAMIC_NO_PIC = NO;
				GCC_NO_COMMON_BLOCKS = YES;
				GCC_OPTIMIZATION_LEVEL = 0;
				GCC_PREPROCESSOR_DEFINITIONS = (
					"DEBUG=1",
					"$(inherited)",
				);
				GCC_SYMBOLS_PRIVATE_EXTERN = NO;
				GCC_WARN_64_TO_32_BIT_CONVERSION = YES;
				GCC_WARN_ABOUT_RETURN_TYPE = YES_ERROR;
				GCC_WARN_UNDECLARED_SELECTOR = YES;
				GCC_WARN_UNINITIALIZED_AUTOS = YES_AGGRESSIVE;
				GCC_WARN_UNUSED_FUNCTION = YES;
				GCC_WARN_UNUSED_VARIABLE = YES;
				IPHONEOS_DEPLOYMENT_TARGET = 8.3;
				MTL_ENABLE_DEBUG_INFO = YES;
				ONLY_ACTIVE_ARCH = YES;
				SDKROOT = iphoneos;
				SWIFT_OPTIMIZATION_LEVEL = "-Onone";
				TARGETED_DEVICE_FAMILY = "1,2";
			};
			name = Debug;
		};
		2F885EC11B31BC390085864B /* Release */ = {
			isa = XCBuildConfiguration;
			buildSettings = {
				ALWAYS_SEARCH_USER_PATHS = NO;
				CLANG_CXX_LANGUAGE_STANDARD = "gnu++0x";
				CLANG_CXX_LIBRARY = "libc++";
				CLANG_ENABLE_MODULES = YES;
				CLANG_ENABLE_OBJC_ARC = YES;
				CLANG_WARN_BOOL_CONVERSION = YES;
				CLANG_WARN_CONSTANT_CONVERSION = YES;
				CLANG_WARN_DIRECT_OBJC_ISA_USAGE = YES_ERROR;
				CLANG_WARN_EMPTY_BODY = YES;
				CLANG_WARN_ENUM_CONVERSION = YES;
				CLANG_WARN_INT_CONVERSION = YES;
				CLANG_WARN_OBJC_ROOT_CLASS = YES_ERROR;
				CLANG_WARN_UNREACHABLE_CODE = YES;
				CLANG_WARN__DUPLICATE_METHOD_MATCH = YES;
				"CODE_SIGN_IDENTITY[sdk=iphoneos*]" = "iPhone Developer";
				COPY_PHASE_STRIP = NO;
				DEBUG_INFORMATION_FORMAT = "dwarf-with-dsym";
				ENABLE_NS_ASSERTIONS = NO;
				ENABLE_STRICT_OBJC_MSGSEND = YES;
				GCC_C_LANGUAGE_STANDARD = gnu99;
				GCC_NO_COMMON_BLOCKS = YES;
				GCC_WARN_64_TO_32_BIT_CONVERSION = YES;
				GCC_WARN_ABOUT_RETURN_TYPE = YES_ERROR;
				GCC_WARN_UNDECLARED_SELECTOR = YES;
				GCC_WARN_UNINITIALIZED_AUTOS = YES_AGGRESSIVE;
				GCC_WARN_UNUSED_FUNCTION = YES;
				GCC_WARN_UNUSED_VARIABLE = YES;
				IPHONEOS_DEPLOYMENT_TARGET = 8.3;
				MTL_ENABLE_DEBUG_INFO = NO;
				SDKROOT = iphoneos;
				TARGETED_DEVICE_FAMILY = "1,2";
				VALIDATE_PRODUCT = YES;
			};
			name = Release;
		};
		2F885EC31B31BC390085864B /* Debug */ = {
			isa = XCBuildConfiguration;
			buildSettings = {
				ASSETCATALOG_COMPILER_APPICON_NAME = AppIcon;
				INFOPLIST_FILE = "Elite Messenger/Info.plist";
				LD_RUNPATH_SEARCH_PATHS = "$(inherited) @executable_path/Frameworks";
				PRODUCT_NAME = "$(TARGET_NAME)";
			};
			name = Debug;
		};
		2F885EC41B31BC390085864B /* Release */ = {
			isa = XCBuildConfiguration;
			buildSettings = {
				ASSETCATALOG_COMPILER_APPICON_NAME = AppIcon;
				INFOPLIST_FILE = "Elite Messenger/Info.plist";
				LD_RUNPATH_SEARCH_PATHS = "$(inherited) @executable_path/Frameworks";
				PRODUCT_NAME = "$(TARGET_NAME)";
			};
			name = Release;
		};
		2F885EC61B31BC390085864B /* Debug */ = {
			isa = XCBuildConfiguration;
			buildSettings = {
				BUNDLE_LOADER = "$(TEST_HOST)";
				FRAMEWORK_SEARCH_PATHS = (
					"$(SDKROOT)/Developer/Library/Frameworks",
					"$(inherited)",
				);
				GCC_PREPROCESSOR_DEFINITIONS = (
					"DEBUG=1",
					"$(inherited)",
				);
				INFOPLIST_FILE = "Elite MessengerTests/Info.plist";
				LD_RUNPATH_SEARCH_PATHS = "$(inherited) @executable_path/Frameworks @loader_path/Frameworks";
				PRODUCT_NAME = "$(TARGET_NAME)";
				TEST_HOST = "$(BUILT_PRODUCTS_DIR)/Elite Messenger.app/Elite Messenger";
			};
			name = Debug;
		};
		2F885EC71B31BC390085864B /* Release */ = {
			isa = XCBuildConfiguration;
			buildSettings = {
				BUNDLE_LOADER = "$(TEST_HOST)";
				FRAMEWORK_SEARCH_PATHS = (
					"$(SDKROOT)/Developer/Library/Frameworks",
					"$(inherited)",
				);
				INFOPLIST_FILE = "Elite MessengerTests/Info.plist";
				LD_RUNPATH_SEARCH_PATHS = "$(inherited) @executable_path/Frameworks @loader_path/Frameworks";
				PRODUCT_NAME = "$(TARGET_NAME)";
				TEST_HOST = "$(BUILT_PRODUCTS_DIR)/Elite Messenger.app/Elite Messenger";
			};
			name = Release;
		};
/* End XCBuildConfiguration section */

/* Begin XCConfigurationList section */
		2F885E9E1B31BC390085864B /* Build configuration list for PBXProject "Elite Messenger" */ = {
			isa = XCConfigurationList;
			buildConfigurations = (
				2F885EC01B31BC390085864B /* Debug */,
				2F885EC11B31BC390085864B /* Release */,
			);
			defaultConfigurationIsVisible = 0;
			defaultConfigurationName = Release;
		};
		2F885EC21B31BC390085864B /* Build configuration list for PBXNativeTarget "Elite Messenger" */ = {
			isa = XCConfigurationList;
			buildConfigurations = (
				2F885EC31B31BC390085864B /* Debug */,
				2F885EC41B31BC390085864B /* Release */,
			);
			defaultConfigurationIsVisible = 0;
		};
		2F885EC51B31BC390085864B /* Build configuration list for PBXNativeTarget "Elite MessengerTests" */ = {
			isa = XCConfigurationList;
			buildConfigurations = (
				2F885EC61B31BC390085864B /* Debug */,
				2F885EC71B31BC390085864B /* Release */,
			);
			defaultConfigurationIsVisible = 0;
		};
/* End XCConfigurationList section */
	};
	rootObject = 2F885E9B1B31BC390085864B /* Project object */;
}
